
Microsoft Visual Studio Solution File, Format Version 12.00
# Visual Studio Version 17
VisualStudioVersion = 17.1.32228.430
MinimumVisualStudioVersion = 10.0.40219.1
Project("{2150E333-8FDC-42A3-9474-1A3956D46DE8}") = "src", "src", "{20F29549-844F-4223-9885-6F78EB61EE32}"
EndProject
Project("{2150E333-8FDC-42A3-9474-1A3956D46DE8}") = "core", "core", "{813A9AAE-D00C-40F1-9740-26568BDD0F60}"
EndProject
Project("{9A19103F-16F7-4668-BE54-9A1E7A4F7556}") = "DomainLayer", "src\core\DomainLayer\DomainLayer.csproj", "{EDE8A2E1-8564-45A7-A2CD-231F6A10BADF}"
EndProject
Project("{9A19103F-16F7-4668-BE54-9A1E7A4F7556}") = "ApplicationLayer", "src\core\ApplicationLayer\ApplicationLayer.csproj", "{D909BC65-22E3-4929-AAC1-4EBFE0CADD4D}"
EndProject
Project("{2150E333-8FDC-42A3-9474-1A3956D46DE8}") = "infrastructure", "infrastructure", "{5CB034E1-9654-46AA-8A4A-8D0EB5400ABF}"
EndProject
Project("{9A19103F-16F7-4668-BE54-9A1E7A4F7556}") = "PersistenceLayer", "src\infrastructure\PersistenceLayer\PersistenceLayer.csproj", "{8951F6C8-4F90-4E15-9A6C-B15D8A1F1158}"
EndProject
Project("{2150E333-8FDC-42A3-9474-1A3956D46DE8}") = "presentation", "presentation", "{88A46601-1CD7-4947-AB89-7CB09BE08787}"
EndProject
Project("{9A19103F-16F7-4668-BE54-9A1E7A4F7556}") = "API", "src\presentation\API\API.csproj", "{0C382777-9C8C-4217-B022-928D4683D5A1}"
EndProject
Project("{2150E333-8FDC-42A3-9474-1A3956D46DE8}") = "tests", "tests", "{5C106C7E-330C-4508-8582-4627DF00F561}"
EndProject
Project("{9A19103F-16F7-4668-BE54-9A1E7A4F7556}") = "UnitTests", "tests\UnitTests\UnitTests.csproj", "{1EE3F206-A07D-4EDD-AB98-71F7043850E0}"
EndProject
Project("{E53339B2-1760-4266-BCC7-CA923CBCF16C}") = "docker-compose", "docker-compose.dcproj", "{2BD4FF10-30D7-48E2-A7B3-5E85E562A298}"
EndProject
Project("{2150E333-8FDC-42A3-9474-1A3956D46DE8}") = "dbScripts", "dbScripts", "{15D062EB-8518-46A0-B49F-8C6788004C33}"
EndProject
Project("{2150E333-8FDC-42A3-9474-1A3956D46DE8}") = "others", "others", "{5B7FA7A0-CA97-4A67-A7E3-B3B09B26EF89}"
EndProject
Project("{9A19103F-16F7-4668-BE54-9A1E7A4F7556}") = "CodeLists", "others\CodeLists\CodeLists.csproj", "{F7151D26-7EE4-4356-BD68-D6688B435C1D}"
EndProject
Project("{9A19103F-16F7-4668-BE54-9A1E7A4F7556}") = "Extensions", "others\Extensions\Extensions.csproj", "{D2E6B82A-7DF6-4895-AFE2-5FD3D8024B6E}"
EndProject
Project("{9A19103F-16F7-4668-BE54-9A1E7A4F7556}") = "PersistanceLayerDapper", "src\infrastructure\PersistanceLayerDapper\PersistanceLayerDapper.csproj", "{38315E10-A01D-48AA-900B-617E4B952E95}"
EndProject
Project("{00D1A9C2-B5F0-4AF3-8072-F6C62B433612}") = "DbScipts", "dbScripts\DbScipts\DbScipts.sqlproj", "{B3151119-800D-4FE7-A8EF-8F23E1EAB889}"
EndProject
Project("{FAE04EC0-301F-11D3-BF4B-00C04F79EFBC}") = "RadesSoft.HateoasMaker", "others\RadesSoft.HateoasMaker\RadesSoft.HateoasMaker.csproj", "{B8E68884-1EE1-47E1-9BE6-E85C5E5B9932}"
EndProject
Global
	GlobalSection(SolutionConfigurationPlatforms) = preSolution
		Debug|Any CPU = Debug|Any CPU
		Release|Any CPU = Release|Any CPU
	EndGlobalSection
	GlobalSection(ProjectConfigurationPlatforms) = postSolution
		{EDE8A2E1-8564-45A7-A2CD-231F6A10BADF}.Debug|Any CPU.ActiveCfg = Debug|Any CPU
		{EDE8A2E1-8564-45A7-A2CD-231F6A10BADF}.Debug|Any CPU.Build.0 = Debug|Any CPU
		{EDE8A2E1-8564-45A7-A2CD-231F6A10BADF}.Release|Any CPU.ActiveCfg = Release|Any CPU
		{EDE8A2E1-8564-45A7-A2CD-231F6A10BADF}.Release|Any CPU.Build.0 = Release|Any CPU
		{D909BC65-22E3-4929-AAC1-4EBFE0CADD4D}.Debug|Any CPU.ActiveCfg = Debug|Any CPU
		{D909BC65-22E3-4929-AAC1-4EBFE0CADD4D}.Debug|Any CPU.Build.0 = Debug|Any CPU
		{D909BC65-22E3-4929-AAC1-4EBFE0CADD4D}.Release|Any CPU.ActiveCfg = Release|Any CPU
		{D909BC65-22E3-4929-AAC1-4EBFE0CADD4D}.Release|Any CPU.Build.0 = Release|Any CPU
		{8951F6C8-4F90-4E15-9A6C-B15D8A1F1158}.Debug|Any CPU.ActiveCfg = Debug|Any CPU
		{8951F6C8-4F90-4E15-9A6C-B15D8A1F1158}.Debug|Any CPU.Build.0 = Debug|Any CPU
		{8951F6C8-4F90-4E15-9A6C-B15D8A1F1158}.Release|Any CPU.ActiveCfg = Release|Any CPU
		{8951F6C8-4F90-4E15-9A6C-B15D8A1F1158}.Release|Any CPU.Build.0 = Release|Any CPU
		{0C382777-9C8C-4217-B022-928D4683D5A1}.Debug|Any CPU.ActiveCfg = Debug|Any CPU
		{0C382777-9C8C-4217-B022-928D4683D5A1}.Debug|Any CPU.Build.0 = Debug|Any CPU
		{0C382777-9C8C-4217-B022-928D4683D5A1}.Release|Any CPU.ActiveCfg = Release|Any CPU
		{0C382777-9C8C-4217-B022-928D4683D5A1}.Release|Any CPU.Build.0 = Release|Any CPU
		{1EE3F206-A07D-4EDD-AB98-71F7043850E0}.Debug|Any CPU.ActiveCfg = Debug|Any CPU
		{1EE3F206-A07D-4EDD-AB98-71F7043850E0}.Debug|Any CPU.Build.0 = Debug|Any CPU
		{1EE3F206-A07D-4EDD-AB98-71F7043850E0}.Release|Any CPU.ActiveCfg = Release|Any CPU
		{1EE3F206-A07D-4EDD-AB98-71F7043850E0}.Release|Any CPU.Build.0 = Release|Any CPU
		{2BD4FF10-30D7-48E2-A7B3-5E85E562A298}.Debug|Any CPU.ActiveCfg = Debug|Any CPU
		{2BD4FF10-30D7-48E2-A7B3-5E85E562A298}.Debug|Any CPU.Build.0 = Debug|Any CPU
		{2BD4FF10-30D7-48E2-A7B3-5E85E562A298}.Release|Any CPU.ActiveCfg = Release|Any CPU
		{2BD4FF10-30D7-48E2-A7B3-5E85E562A298}.Release|Any CPU.Build.0 = Release|Any CPU
		{F7151D26-7EE4-4356-BD68-D6688B435C1D}.Debug|Any CPU.ActiveCfg = Debug|Any CPU
		{F7151D26-7EE4-4356-BD68-D6688B435C1D}.Debug|Any CPU.Build.0 = Debug|Any CPU
		{F7151D26-7EE4-4356-BD68-D6688B435C1D}.Release|Any CPU.ActiveCfg = Release|Any CPU
		{F7151D26-7EE4-4356-BD68-D6688B435C1D}.Release|Any CPU.Build.0 = Release|Any CPU
		{D2E6B82A-7DF6-4895-AFE2-5FD3D8024B6E}.Debug|Any CPU.ActiveCfg = Debug|Any CPU
		{D2E6B82A-7DF6-4895-AFE2-5FD3D8024B6E}.Debug|Any CPU.Build.0 = Debug|Any CPU
		{D2E6B82A-7DF6-4895-AFE2-5FD3D8024B6E}.Release|Any CPU.ActiveCfg = Release|Any CPU
		{D2E6B82A-7DF6-4895-AFE2-5FD3D8024B6E}.Release|Any CPU.Build.0 = Release|Any CPU
		{38315E10-A01D-48AA-900B-617E4B952E95}.Debug|Any CPU.ActiveCfg = Debug|Any CPU
		{38315E10-A01D-48AA-900B-617E4B952E95}.Debug|Any CPU.Build.0 = Debug|Any CPU
		{38315E10-A01D-48AA-900B-617E4B952E95}.Release|Any CPU.ActiveCfg = Release|Any CPU
		{38315E10-A01D-48AA-900B-617E4B952E95}.Release|Any CPU.Build.0 = Release|Any CPU
		{B3151119-800D-4FE7-A8EF-8F23E1EAB889}.Debug|Any CPU.ActiveCfg = Debug|Any CPU
		{B3151119-800D-4FE7-A8EF-8F23E1EAB889}.Debug|Any CPU.Build.0 = Debug|Any CPU
		{B3151119-800D-4FE7-A8EF-8F23E1EAB889}.Debug|Any CPU.Deploy.0 = Debug|Any CPU
		{B3151119-800D-4FE7-A8EF-8F23E1EAB889}.Release|Any CPU.ActiveCfg = Release|Any CPU
		{B3151119-800D-4FE7-A8EF-8F23E1EAB889}.Release|Any CPU.Build.0 = Release|Any CPU
		{B3151119-800D-4FE7-A8EF-8F23E1EAB889}.Release|Any CPU.Deploy.0 = Release|Any CPU
		{B8E68884-1EE1-47E1-9BE6-E85C5E5B9932}.Debug|Any CPU.ActiveCfg = Debug|Any CPU
		{B8E68884-1EE1-47E1-9BE6-E85C5E5B9932}.Debug|Any CPU.Build.0 = Debug|Any CPU
		{B8E68884-1EE1-47E1-9BE6-E85C5E5B9932}.Release|Any CPU.ActiveCfg = Release|Any CPU
		{B8E68884-1EE1-47E1-9BE6-E85C5E5B9932}.Release|Any CPU.Build.0 = Release|Any CPU
	EndGlobalSection
	GlobalSection(SolutionProperties) = preSolution
		HideSolutionNode = FALSE
	EndGlobalSection
	GlobalSection(NestedProjects) = preSolution
		{813A9AAE-D00C-40F1-9740-26568BDD0F60} = {20F29549-844F-4223-9885-6F78EB61EE32}
		{EDE8A2E1-8564-45A7-A2CD-231F6A10BADF} = {813A9AAE-D00C-40F1-9740-26568BDD0F60}
		{D909BC65-22E3-4929-AAC1-4EBFE0CADD4D} = {813A9AAE-D00C-40F1-9740-26568BDD0F60}
		{5CB034E1-9654-46AA-8A4A-8D0EB5400ABF} = {20F29549-844F-4223-9885-6F78EB61EE32}
		{8951F6C8-4F90-4E15-9A6C-B15D8A1F1158} = {5CB034E1-9654-46AA-8A4A-8D0EB5400ABF}
		{88A46601-1CD7-4947-AB89-7CB09BE08787} = {20F29549-844F-4223-9885-6F78EB61EE32}
		{0C382777-9C8C-4217-B022-928D4683D5A1} = {88A46601-1CD7-4947-AB89-7CB09BE08787}
		{1EE3F206-A07D-4EDD-AB98-71F7043850E0} = {5C106C7E-330C-4508-8582-4627DF00F561}
		{F7151D26-7EE4-4356-BD68-D6688B435C1D} = {5B7FA7A0-CA97-4A67-A7E3-B3B09B26EF89}
		{D2E6B82A-7DF6-4895-AFE2-5FD3D8024B6E} = {5B7FA7A0-CA97-4A67-A7E3-B3B09B26EF89}
		{38315E10-A01D-48AA-900B-617E4B952E95} = {5CB034E1-9654-46AA-8A4A-8D0EB5400ABF}
		{B3151119-800D-4FE7-A8EF-8F23E1EAB889} = {15D062EB-8518-46A0-B49F-8C6788004C33}
		{B8E68884-1EE1-47E1-9BE6-E85C5E5B9932} = {5B7FA7A0-CA97-4A67-A7E3-B3B09B26EF89}
	EndGlobalSection
	GlobalSection(ExtensibilityGlobals) = postSolution
		SolutionGuid = {0FDCF347-19C6-444D-A204-23312B9858FB}
	EndGlobalSection
EndGlobal
